
Microsoft Visual Studio Solution File, Format Version 12.00
# Visual Studio Version 17
VisualStudioVersion = 17.0.31903.59
MinimumVisualStudioVersion = 10.0.40219.1
Project("{2150E333-8FDC-42A3-9474-1A3956D46DE8}") = "src", "src", "{827E0CD3-B72D-47B6-A68D-7590B98EB39B}"
EndProject
Project("{FAE04EC0-301F-11D3-BF4B-00C04F79EFBC}") = "HrSystem.Domain", "src\HrSystem.Domain\HrSystem.Domain.csproj", "{824A9F0E-6706-454E-B42C-69019FA31565}"
EndProject
Project("{FAE04EC0-301F-11D3-BF4B-00C04F79EFBC}") = "HrSystem.Application", "src\HrSystem.Application\HrSystem.Application.csproj", "{688CAAF2-33A7-431E-82EC-A90CE0ABF142}"
EndProject
Project("{FAE04EC0-301F-11D3-BF4B-00C04F79EFBC}") = "HrSystem.Infrastructure", "src\HrSystem.Infrastructure\HrSystem.Infrastructure.csproj", "{F3AB0929-40E3-4017-BF46-5EBEF1A9BB82}"
EndProject
Project("{FAE04EC0-301F-11D3-BF4B-00C04F79EFBC}") = "HrSystem.Api", "src\HrSystem.Api\HrSystem.Api.csproj", "{1E952841-6DD1-4BE4-839B-AE09089FDB51}"
EndProject
Global
	GlobalSection(SolutionConfigurationPlatforms) = preSolution
		Debug|Any CPU = Debug|Any CPU
		Debug|x64 = Debug|x64
		Debug|x86 = Debug|x86
		Release|Any CPU = Release|Any CPU
		Release|x64 = Release|x64
		Release|x86 = Release|x86
	EndGlobalSection
	GlobalSection(ProjectConfigurationPlatforms) = postSolution
		{824A9F0E-6706-454E-B42C-69019FA31565}.Debug|Any CPU.ActiveCfg = Debug|Any CPU
		{824A9F0E-6706-454E-B42C-69019FA31565}.Debug|Any CPU.Build.0 = Debug|Any CPU
		{824A9F0E-6706-454E-B42C-69019FA31565}.Debug|x64.ActiveCfg = Debug|Any CPU
		{824A9F0E-6706-454E-B42C-69019FA31565}.Debug|x64.Build.0 = Debug|Any CPU
		{824A9F0E-6706-454E-B42C-69019FA31565}.Debug|x86.ActiveCfg = Debug|Any CPU
		{824A9F0E-6706-454E-B42C-69019FA31565}.Debug|x86.Build.0 = Debug|Any CPU
		{824A9F0E-6706-454E-B42C-69019FA31565}.Release|Any CPU.ActiveCfg = Release|Any CPU
		{824A9F0E-6706-454E-B42C-69019FA31565}.Release|Any CPU.Build.0 = Release|Any CPU
		{824A9F0E-6706-454E-B42C-69019FA31565}.Release|x64.ActiveCfg = Release|Any CPU
		{824A9F0E-6706-454E-B42C-69019FA31565}.Release|x64.Build.0 = Release|Any CPU
		{824A9F0E-6706-454E-B42C-69019FA31565}.Release|x86.ActiveCfg = Release|Any CPU
		{824A9F0E-6706-454E-B42C-69019FA31565}.Release|x86.Build.0 = Release|Any CPU
		{688CAAF2-33A7-431E-82EC-A90CE0ABF142}.Debug|Any CPU.ActiveCfg = Debug|Any CPU
		{688CAAF2-33A7-431E-82EC-A90CE0ABF142}.Debug|Any CPU.Build.0 = Debug|Any CPU
		{688CAAF2-33A7-431E-82EC-A90CE0ABF142}.Debug|x64.ActiveCfg = Debug|Any CPU
		{688CAAF2-33A7-431E-82EC-A90CE0ABF142}.Debug|x64.Build.0 = Debug|Any CPU
		{688CAAF2-33A7-431E-82EC-A90CE0ABF142}.Debug|x86.ActiveCfg = Debug|Any CPU
		{688CAAF2-33A7-431E-82EC-A90CE0ABF142}.Debug|x86.Build.0 = Debug|Any CPU
		{688CAAF2-33A7-431E-82EC-A90CE0ABF142}.Release|Any CPU.ActiveCfg = Release|Any CPU
		{688CAAF2-33A7-431E-82EC-A90CE0ABF142}.Release|Any CPU.Build.0 = Release|Any CPU
		{688CAAF2-33A7-431E-82EC-A90CE0ABF142}.Release|x64.ActiveCfg = Release|Any CPU
		{688CAAF2-33A7-431E-82EC-A90CE0ABF142}.Release|x64.Build.0 = Release|Any CPU
		{688CAAF2-33A7-431E-82EC-A90CE0ABF142}.Release|x86.ActiveCfg = Release|Any CPU
		{688CAAF2-33A7-431E-82EC-A90CE0ABF142}.Release|x86.Build.0 = Release|Any CPU
		{F3AB0929-40E3-4017-BF46-5EBEF1A9BB82}.Debug|Any CPU.ActiveCfg = Debug|Any CPU
		{F3AB0929-40E3-4017-BF46-5EBEF1A9BB82}.Debug|Any CPU.Build.0 = Debug|Any CPU
		{F3AB0929-40E3-4017-BF46-5EBEF1A9BB82}.Debug|x64.ActiveCfg = Debug|Any CPU
		{F3AB0929-40E3-4017-BF46-5EBEF1A9BB82}.Debug|x64.Build.0 = Debug|Any CPU
		{F3AB0929-40E3-4017-BF46-5EBEF1A9BB82}.Debug|x86.ActiveCfg = Debug|Any CPU
		{F3AB0929-40E3-4017-BF46-5EBEF1A9BB82}.Debug|x86.Build.0 = Debug|Any CPU
		{F3AB0929-40E3-4017-BF46-5EBEF1A9BB82}.Release|Any CPU.ActiveCfg = Release|Any CPU
		{F3AB0929-40E3-4017-BF46-5EBEF1A9BB82}.Release|Any CPU.Build.0 = Release|Any CPU
		{F3AB0929-40E3-4017-BF46-5EBEF1A9BB82}.Release|x64.ActiveCfg = Release|Any CPU
		{F3AB0929-40E3-4017-BF46-5EBEF1A9BB82}.Release|x64.Build.0 = Release|Any CPU
		{F3AB0929-40E3-4017-BF46-5EBEF1A9BB82}.Release|x86.ActiveCfg = Release|Any CPU
		{F3AB0929-40E3-4017-BF46-5EBEF1A9BB82}.Release|x86.Build.0 = Release|Any CPU
		{1E952841-6DD1-4BE4-839B-AE09089FDB51}.Debug|Any CPU.ActiveCfg = Debug|Any CPU
		{1E952841-6DD1-4BE4-839B-AE09089FDB51}.Debug|Any CPU.Build.0 = Debug|Any CPU
		{1E952841-6DD1-4BE4-839B-AE09089FDB51}.Debug|x64.ActiveCfg = Debug|Any CPU
		{1E952841-6DD1-4BE4-839B-AE09089FDB51}.Debug|x64.Build.0 = Debug|Any CPU
		{1E952841-6DD1-4BE4-839B-AE09089FDB51}.Debug|x86.ActiveCfg = Debug|Any CPU
		{1E952841-6DD1-4BE4-839B-AE09089FDB51}.Debug|x86.Build.0 = Debug|Any CPU
		{1E952841-6DD1-4BE4-839B-AE09089FDB51}.Release|Any CPU.ActiveCfg = Release|Any CPU
		{1E952841-6DD1-4BE4-839B-AE09089FDB51}.Release|Any CPU.Build.0 = Release|Any CPU
		{1E952841-6DD1-4BE4-839B-AE09089FDB51}.Release|x64.ActiveCfg = Release|Any CPU
		{1E952841-6DD1-4BE4-839B-AE09089FDB51}.Release|x64.Build.0 = Release|Any CPU
		{1E952841-6DD1-4BE4-839B-AE09089FDB51}.Release|x86.ActiveCfg = Release|Any CPU
		{1E952841-6DD1-4BE4-839B-AE09089FDB51}.Release|x86.Build.0 = Release|Any CPU
	EndGlobalSection
	GlobalSection(SolutionProperties) = preSolution
		HideSolutionNode = FALSE
	EndGlobalSection
	GlobalSection(NestedProjects) = preSolution
		{824A9F0E-6706-454E-B42C-69019FA31565} = {827E0CD3-B72D-47B6-A68D-7590B98EB39B}
		{688CAAF2-33A7-431E-82EC-A90CE0ABF142} = {827E0CD3-B72D-47B6-A68D-7590B98EB39B}
		{F3AB0929-40E3-4017-BF46-5EBEF1A9BB82} = {827E0CD3-B72D-47B6-A68D-7590B98EB39B}
		{1E952841-6DD1-4BE4-839B-AE09089FDB51} = {827E0CD3-B72D-47B6-A68D-7590B98EB39B}
	EndGlobalSection
EndGlobal
